
Microsoft Visual Studio Solution File, Format Version 11.00
# Visual Studio 2010
Project("{FAE04EC0-301F-11D3-BF4B-00C04F79EFBC}") = "CrossTheRoad", "Assembly-CSharp.csproj", "{3CC8D2B1-736C-4A85-4CF7-EB73BBB0DD06}"
EndProject
Project("{FAE04EC0-301F-11D3-BF4B-00C04F79EFBC}") = "CrossTheRoad", "Assembly-CSharp-Editor.csproj", "{02E858E4-A5C0-E3AB-84D4-D72EAAD92C21}"
EndProject
Global
	GlobalSection(SolutionConfigurationPlatforms) = preSolution
		Debug|Any CPU = Debug|Any CPU
		Release|Any CPU = Release|Any CPU
	EndGlobalSection
	GlobalSection(ProjectConfigurationPlatforms) = postSolution
		{3CC8D2B1-736C-4A85-4CF7-EB73BBB0DD06}.Debug|Any CPU.ActiveCfg = Debug|Any CPU
		{3CC8D2B1-736C-4A85-4CF7-EB73BBB0DD06}.Debug|Any CPU.Build.0 = Debug|Any CPU
		{3CC8D2B1-736C-4A85-4CF7-EB73BBB0DD06}.Release|Any CPU.ActiveCfg = Release|Any CPU
		{3CC8D2B1-736C-4A85-4CF7-EB73BBB0DD06}.Release|Any CPU.Build.0 = Release|Any CPU
		{02E858E4-A5C0-E3AB-84D4-D72EAAD92C21}.Debug|Any CPU.ActiveCfg = Debug|Any CPU
		{02E858E4-A5C0-E3AB-84D4-D72EAAD92C21}.Debug|Any CPU.Build.0 = Debug|Any CPU
		{02E858E4-A5C0-E3AB-84D4-D72EAAD92C21}.Release|Any CPU.ActiveCfg = Release|Any CPU
		{02E858E4-A5C0-E3AB-84D4-D72EAAD92C21}.Release|Any CPU.Build.0 = Release|Any CPU
	EndGlobalSection
	GlobalSection(SolutionProperties) = preSolution
		HideSolutionNode = FALSE
	EndGlobalSection
	GlobalSection(MonoDevelopProperties) = preSolution
		StartupItem = Assembly-CSharp.csproj
	EndGlobalSection
EndGlobal
